
Microsoft Visual Studio Solution File, Format Version 12.00
# Visual Studio Version 17
VisualStudioVersion = 17.2.32526.322
MinimumVisualStudioVersion = 10.0.40219.1
Project("{9A19103F-16F7-4668-BE54-9A1E7A4F7556}") = "BankTransaction", "BankTransaction\BankTransaction.csproj", "{F36BCBD3-59DB-4B8A-A222-89E9B7B46D81}"
EndProject
Project("{FAE04EC0-301F-11D3-BF4B-00C04F79EFBC}") = "BankTrasnactionTest", "BankTrasnactionTest\BankTrasnactionTest.csproj", "{47B8178C-0348-40ED-9198-6C65E687BCAC}"
EndProject
Global
	GlobalSection(SolutionConfigurationPlatforms) = preSolution
		Debug|Any CPU = Debug|Any CPU
		Release|Any CPU = Release|Any CPU
	EndGlobalSection
	GlobalSection(ProjectConfigurationPlatforms) = postSolution
		{F36BCBD3-59DB-4B8A-A222-89E9B7B46D81}.Debug|Any CPU.ActiveCfg = Debug|Any CPU
		{F36BCBD3-59DB-4B8A-A222-89E9B7B46D81}.Debug|Any CPU.Build.0 = Debug|Any CPU
		{F36BCBD3-59DB-4B8A-A222-89E9B7B46D81}.Release|Any CPU.ActiveCfg = Release|Any CPU
		{F36BCBD3-59DB-4B8A-A222-89E9B7B46D81}.Release|Any CPU.Build.0 = Release|Any CPU
		{47B8178C-0348-40ED-9198-6C65E687BCAC}.Debug|Any CPU.ActiveCfg = Debug|Any CPU
		{47B8178C-0348-40ED-9198-6C65E687BCAC}.Debug|Any CPU.Build.0 = Debug|Any CPU
		{47B8178C-0348-40ED-9198-6C65E687BCAC}.Release|Any CPU.ActiveCfg = Release|Any CPU
		{47B8178C-0348-40ED-9198-6C65E687BCAC}.Release|Any CPU.Build.0 = Release|Any CPU
	EndGlobalSection
	GlobalSection(SolutionProperties) = preSolution
		HideSolutionNode = FALSE
	EndGlobalSection
	GlobalSection(ExtensibilityGlobals) = postSolution
		SolutionGuid = {9ECFE449-87E8-43D6-B307-70D027B25A67}
	EndGlobalSection
EndGlobal
